
Microsoft Visual Studio Solution File, Format Version 12.00
# Visual Studio Version 17
VisualStudioVersion = 17.13.35931.197 d17.13
MinimumVisualStudioVersion = 10.0.40219.1
Project("{FAE04EC0-301F-11D3-BF4B-00C04F79EFBC}") = "WinFormsApp1", "WinFormsApp1\WinFormsApp1.csproj", "{61B1DDA6-75C8-4616-A8ED-B2C01B01F736}"
EndProject
Global
	GlobalSection(SolutionConfigurationPlatforms) = preSolution
		Debug|Any CPU = Debug|Any CPU
		Release|Any CPU = Release|Any CPU
	EndGlobalSection
	GlobalSection(ProjectConfigurationPlatforms) = postSolution
		{61B1DDA6-75C8-4616-A8ED-B2C01B01F736}.Debug|Any CPU.ActiveCfg = Debug|Any CPU
		{61B1DDA6-75C8-4616-A8ED-B2C01B01F736}.Debug|Any CPU.Build.0 = Debug|Any CPU
		{61B1DDA6-75C8-4616-A8ED-B2C01B01F736}.Release|Any CPU.ActiveCfg = Release|Any CPU
		{61B1DDA6-75C8-4616-A8ED-B2C01B01F736}.Release|Any CPU.Build.0 = Release|Any CPU
	EndGlobalSection
	GlobalSection(SolutionProperties) = preSolution
		HideSolutionNode = FALSE
	EndGlobalSection
	GlobalSection(ExtensibilityGlobals) = postSolution
		SolutionGuid = {6E040CD6-BBBA-4E46-80B6-AD1F729E6C42}
	EndGlobalSection
EndGlobal
