
Microsoft Visual Studio Solution File, Format Version 12.00
# Visual Studio Version 17
VisualStudioVersion = 17.13.35931.197 d17.13
MinimumVisualStudioVersion = 10.0.40219.1
Project("{FAE04EC0-301F-11D3-BF4B-00C04F79EFBC}") = "WinFormsApp1", "WinFormsApp1\WinFormsApp1.csproj", "{ABFF631E-7F85-487F-BC60-529E01B6987B}"
EndProject
Global
	GlobalSection(SolutionConfigurationPlatforms) = preSolution
		Debug|Any CPU = Debug|Any CPU
		Release|Any CPU = Release|Any CPU
	EndGlobalSection
	GlobalSection(ProjectConfigurationPlatforms) = postSolution
		{ABFF631E-7F85-487F-BC60-529E01B6987B}.Debug|Any CPU.ActiveCfg = Debug|Any CPU
		{ABFF631E-7F85-487F-BC60-529E01B6987B}.Debug|Any CPU.Build.0 = Debug|Any CPU
		{ABFF631E-7F85-487F-BC60-529E01B6987B}.Release|Any CPU.ActiveCfg = Release|Any CPU
		{ABFF631E-7F85-487F-BC60-529E01B6987B}.Release|Any CPU.Build.0 = Release|Any CPU
	EndGlobalSection
	GlobalSection(SolutionProperties) = preSolution
		HideSolutionNode = FALSE
	EndGlobalSection
	GlobalSection(ExtensibilityGlobals) = postSolution
		SolutionGuid = {D81CA9AA-29D3-4ECE-A335-5773AED59828}
	EndGlobalSection
EndGlobal
