
Microsoft Visual Studio Solution File, Format Version 12.00
# Visual Studio Version 17
VisualStudioVersion = 17.13.35931.197 d17.13
MinimumVisualStudioVersion = 10.0.40219.1
Project("{FAE04EC0-301F-11D3-BF4B-00C04F79EFBC}") = "ConsoleApp1", "ConsoleApp1\ConsoleApp1.csproj", "{19C8C4F2-0192-43DF-87EF-F8A198145FC1}"
EndProject
Global
	GlobalSection(SolutionConfigurationPlatforms) = preSolution
		Debug|Any CPU = Debug|Any CPU
		Release|Any CPU = Release|Any CPU
	EndGlobalSection
	GlobalSection(ProjectConfigurationPlatforms) = postSolution
		{19C8C4F2-0192-43DF-87EF-F8A198145FC1}.Debug|Any CPU.ActiveCfg = Debug|Any CPU
		{19C8C4F2-0192-43DF-87EF-F8A198145FC1}.Debug|Any CPU.Build.0 = Debug|Any CPU
		{19C8C4F2-0192-43DF-87EF-F8A198145FC1}.Release|Any CPU.ActiveCfg = Release|Any CPU
		{19C8C4F2-0192-43DF-87EF-F8A198145FC1}.Release|Any CPU.Build.0 = Release|Any CPU
	EndGlobalSection
	GlobalSection(SolutionProperties) = preSolution
		HideSolutionNode = FALSE
	EndGlobalSection
	GlobalSection(ExtensibilityGlobals) = postSolution
		SolutionGuid = {A11C5581-6DA3-4D2C-B452-8EE30E3DB808}
	EndGlobalSection
EndGlobal
