
Microsoft Visual Studio Solution File, Format Version 12.00
# Visual Studio Version 17
VisualStudioVersion = 17.13.35931.197 d17.13
MinimumVisualStudioVersion = 10.0.40219.1
Project("{FAE04EC0-301F-11D3-BF4B-00C04F79EFBC}") = "lab-5_Form", "lab-5_Form\lab-5_Form.csproj", "{2D737263-4A30-44EE-AB82-2E6FD4B46642}"
EndProject
Global
	GlobalSection(SolutionConfigurationPlatforms) = preSolution
		Debug|Any CPU = Debug|Any CPU
		Release|Any CPU = Release|Any CPU
	EndGlobalSection
	GlobalSection(ProjectConfigurationPlatforms) = postSolution
		{2D737263-4A30-44EE-AB82-2E6FD4B46642}.Debug|Any CPU.ActiveCfg = Debug|Any CPU
		{2D737263-4A30-44EE-AB82-2E6FD4B46642}.Debug|Any CPU.Build.0 = Debug|Any CPU
		{2D737263-4A30-44EE-AB82-2E6FD4B46642}.Release|Any CPU.ActiveCfg = Release|Any CPU
		{2D737263-4A30-44EE-AB82-2E6FD4B46642}.Release|Any CPU.Build.0 = Release|Any CPU
	EndGlobalSection
	GlobalSection(SolutionProperties) = preSolution
		HideSolutionNode = FALSE
	EndGlobalSection
	GlobalSection(ExtensibilityGlobals) = postSolution
		SolutionGuid = {81F46613-52C3-4538-8B66-9FD65F35016E}
	EndGlobalSection
EndGlobal
