
Microsoft Visual Studio Solution File, Format Version 12.00
# Visual Studio Version 17
VisualStudioVersion = 17.13.35931.197 d17.13
MinimumVisualStudioVersion = 10.0.40219.1
Project("{FAE04EC0-301F-11D3-BF4B-00C04F79EFBC}") = "WinFormsApp1", "WinFormsApp1\WinFormsApp1.csproj", "{28EC8FC6-3ED0-4DDC-BECD-3AE4998D2B51}"
EndProject
Global
	GlobalSection(SolutionConfigurationPlatforms) = preSolution
		Debug|Any CPU = Debug|Any CPU
		Release|Any CPU = Release|Any CPU
	EndGlobalSection
	GlobalSection(ProjectConfigurationPlatforms) = postSolution
		{28EC8FC6-3ED0-4DDC-BECD-3AE4998D2B51}.Debug|Any CPU.ActiveCfg = Debug|Any CPU
		{28EC8FC6-3ED0-4DDC-BECD-3AE4998D2B51}.Debug|Any CPU.Build.0 = Debug|Any CPU
		{28EC8FC6-3ED0-4DDC-BECD-3AE4998D2B51}.Release|Any CPU.ActiveCfg = Release|Any CPU
		{28EC8FC6-3ED0-4DDC-BECD-3AE4998D2B51}.Release|Any CPU.Build.0 = Release|Any CPU
	EndGlobalSection
	GlobalSection(SolutionProperties) = preSolution
		HideSolutionNode = FALSE
	EndGlobalSection
	GlobalSection(ExtensibilityGlobals) = postSolution
		SolutionGuid = {15304B96-01DD-40A9-B4BB-88E06A80BE14}
	EndGlobalSection
EndGlobal
