
Microsoft Visual Studio Solution File, Format Version 12.00
# Visual Studio Version 17
VisualStudioVersion = 17.13.35919.96 d17.13
MinimumVisualStudioVersion = 10.0.40219.1
Project("{FAE04EC0-301F-11D3-BF4B-00C04F79EFBC}") = "lab-3", "lab-3\lab-3.csproj", "{5C9A85DA-2A7F-42CB-B7AB-25713B8A3E98}"
EndProject
Global
	GlobalSection(SolutionConfigurationPlatforms) = preSolution
		Debug|Any CPU = Debug|Any CPU
		Release|Any CPU = Release|Any CPU
	EndGlobalSection
	GlobalSection(ProjectConfigurationPlatforms) = postSolution
		{5C9A85DA-2A7F-42CB-B7AB-25713B8A3E98}.Debug|Any CPU.ActiveCfg = Debug|Any CPU
		{5C9A85DA-2A7F-42CB-B7AB-25713B8A3E98}.Debug|Any CPU.Build.0 = Debug|Any CPU
		{5C9A85DA-2A7F-42CB-B7AB-25713B8A3E98}.Release|Any CPU.ActiveCfg = Release|Any CPU
		{5C9A85DA-2A7F-42CB-B7AB-25713B8A3E98}.Release|Any CPU.Build.0 = Release|Any CPU
	EndGlobalSection
	GlobalSection(SolutionProperties) = preSolution
		HideSolutionNode = FALSE
	EndGlobalSection
	GlobalSection(ExtensibilityGlobals) = postSolution
		SolutionGuid = {D485F0FA-BA8E-4972-B5EE-C5B90BD11C50}
	EndGlobalSection
EndGlobal
