
Microsoft Visual Studio Solution File, Format Version 12.00
# Visual Studio Version 17
VisualStudioVersion = 17.13.35931.197 d17.13
MinimumVisualStudioVersion = 10.0.40219.1
Project("{FAE04EC0-301F-11D3-BF4B-00C04F79EFBC}") = "ConsoleApp1", "ConsoleApp1\ConsoleApp1.csproj", "{C781F4A4-CED7-484B-B358-70FB844BE749}"
EndProject
Global
	GlobalSection(SolutionConfigurationPlatforms) = preSolution
		Debug|Any CPU = Debug|Any CPU
		Release|Any CPU = Release|Any CPU
	EndGlobalSection
	GlobalSection(ProjectConfigurationPlatforms) = postSolution
		{C781F4A4-CED7-484B-B358-70FB844BE749}.Debug|Any CPU.ActiveCfg = Debug|Any CPU
		{C781F4A4-CED7-484B-B358-70FB844BE749}.Debug|Any CPU.Build.0 = Debug|Any CPU
		{C781F4A4-CED7-484B-B358-70FB844BE749}.Release|Any CPU.ActiveCfg = Release|Any CPU
		{C781F4A4-CED7-484B-B358-70FB844BE749}.Release|Any CPU.Build.0 = Release|Any CPU
	EndGlobalSection
	GlobalSection(SolutionProperties) = preSolution
		HideSolutionNode = FALSE
	EndGlobalSection
	GlobalSection(ExtensibilityGlobals) = postSolution
		SolutionGuid = {61F2AA79-1134-4641-B96B-EA34FC626BC4}
	EndGlobalSection
EndGlobal
