
Microsoft Visual Studio Solution File, Format Version 12.00
# Visual Studio Version 17
VisualStudioVersion = 17.13.35919.96 d17.13
MinimumVisualStudioVersion = 10.0.40219.1
Project("{FAE04EC0-301F-11D3-BF4B-00C04F79EFBC}") = "Project1", "Project1\Project1.csproj", "{B69F77DF-48DB-4754-BF8D-E5F1450B97DE}"
EndProject
Global
	GlobalSection(SolutionConfigurationPlatforms) = preSolution
		Debug|Any CPU = Debug|Any CPU
		Release|Any CPU = Release|Any CPU
	EndGlobalSection
	GlobalSection(ProjectConfigurationPlatforms) = postSolution
		{B69F77DF-48DB-4754-BF8D-E5F1450B97DE}.Debug|Any CPU.ActiveCfg = Debug|Any CPU
		{B69F77DF-48DB-4754-BF8D-E5F1450B97DE}.Debug|Any CPU.Build.0 = Debug|Any CPU
		{B69F77DF-48DB-4754-BF8D-E5F1450B97DE}.Release|Any CPU.ActiveCfg = Release|Any CPU
		{B69F77DF-48DB-4754-BF8D-E5F1450B97DE}.Release|Any CPU.Build.0 = Release|Any CPU
	EndGlobalSection
	GlobalSection(SolutionProperties) = preSolution
		HideSolutionNode = FALSE
	EndGlobalSection
	GlobalSection(ExtensibilityGlobals) = postSolution
		SolutionGuid = {48AA9E59-81D1-4AF9-9075-6C3D8B3E0B50}
	EndGlobalSection
EndGlobal
